// !$*UTF8*$!
{
	archiveVersion = 1;
	classes = {
	};
	objectVersion = 50;
	objects = {

/* Begin PBXBuildFile section */
		6326500422810CFE0025E10C /* AppDelegate.swift in Sources */ = {isa = PBXBuildFile; fileRef = 6326500322810CFE0025E10C /* AppDelegate.swift */; };
		6326500622810CFE0025E10C /* ViewController.swift in Sources */ = {isa = PBXBuildFile; fileRef = 6326500522810CFE0025E10C /* ViewController.swift */; };
		6326500922810CFE0025E10C /* Main.storyboard in Resources */ = {isa = PBXBuildFile; fileRef = 6326500722810CFE0025E10C /* Main.storyboard */; };
		6326500B22810D050025E10C /* Assets.xcassets in Resources */ = {isa = PBXBuildFile; fileRef = 6326500A22810D050025E10C /* Assets.xcassets */; };
		6326500E22810D050025E10C /* LaunchScreen.storyboard in Resources */ = {isa = PBXBuildFile; fileRef = 6326500C22810D050025E10C /* LaunchScreen.storyboard */; };
		6326501C228117950025E10C /* CoreDataStack.swift in Sources */ = {isa = PBXBuildFile; fileRef = 6326501B228117950025E10C /* CoreDataStack.swift */; };
		6326501F228118240025E10C /* Blue-Pail.xcdatamodeld in Sources */ = {isa = PBXBuildFile; fileRef = 6326501D228118240025E10C /* Blue-Pail.xcdatamodeld */; };
		6326502122811CDA0025E10C /* Plant+Convenience.swift in Sources */ = {isa = PBXBuildFile; fileRef = 6326502022811CDA0025E10C /* Plant+Convenience.swift */; };
		6326502322812F060025E10C /* Tag+Convenience.swift in Sources */ = {isa = PBXBuildFile; fileRef = 6326502222812F060025E10C /* Tag+Convenience.swift */; };
/* End PBXBuildFile section */

/* Begin PBXFileReference section */
		6326500022810CFE0025E10C /* Blue-Pail.app */ = {isa = PBXFileReference; explicitFileType = wrapper.application; includeInIndex = 0; path = "Blue-Pail.app"; sourceTree = BUILT_PRODUCTS_DIR; };
		6326500322810CFE0025E10C /* AppDelegate.swift */ = {isa = PBXFileReference; lastKnownFileType = sourcecode.swift; path = AppDelegate.swift; sourceTree = "<group>"; };
		6326500522810CFE0025E10C /* ViewController.swift */ = {isa = PBXFileReference; lastKnownFileType = sourcecode.swift; path = ViewController.swift; sourceTree = "<group>"; };
		6326500822810CFE0025E10C /* Base */ = {isa = PBXFileReference; lastKnownFileType = file.storyboard; name = Base; path = Base.lproj/Main.storyboard; sourceTree = "<group>"; };
		6326500A22810D050025E10C /* Assets.xcassets */ = {isa = PBXFileReference; lastKnownFileType = folder.assetcatalog; path = Assets.xcassets; sourceTree = "<group>"; };
		6326500D22810D050025E10C /* Base */ = {isa = PBXFileReference; lastKnownFileType = file.storyboard; name = Base; path = Base.lproj/LaunchScreen.storyboard; sourceTree = "<group>"; };
		6326500F22810D050025E10C /* Info.plist */ = {isa = PBXFileReference; lastKnownFileType = text.plist.xml; path = Info.plist; sourceTree = "<group>"; };
		6326501B228117950025E10C /* CoreDataStack.swift */ = {isa = PBXFileReference; lastKnownFileType = sourcecode.swift; path = CoreDataStack.swift; sourceTree = "<group>"; };
		6326501E228118240025E10C /* Blue-Pail.xcdatamodel */ = {isa = PBXFileReference; lastKnownFileType = wrapper.xcdatamodel; path = "Blue-Pail.xcdatamodel"; sourceTree = "<group>"; };
		6326502022811CDA0025E10C /* Plant+Convenience.swift */ = {isa = PBXFileReference; lastKnownFileType = sourcecode.swift; path = "Plant+Convenience.swift"; sourceTree = "<group>"; };
		6326502222812F060025E10C /* Tag+Convenience.swift */ = {isa = PBXFileReference; lastKnownFileType = sourcecode.swift; path = "Tag+Convenience.swift"; sourceTree = "<group>"; };
/* End PBXFileReference section */

/* Begin PBXFrameworksBuildPhase section */
		63264FFD22810CFE0025E10C /* Frameworks */ = {
			isa = PBXFrameworksBuildPhase;
			buildActionMask = 2147483647;
			files = (
			);
			runOnlyForDeploymentPostprocessing = 0;
		};
/* End PBXFrameworksBuildPhase section */

/* Begin PBXGroup section */
		63264FF722810CFE0025E10C = {
			isa = PBXGroup;
			children = (
				6326500222810CFE0025E10C /* Blue-Pail */,
				6326500122810CFE0025E10C /* Products */,
			);
			sourceTree = "<group>";
		};
		6326500122810CFE0025E10C /* Products */ = {
			isa = PBXGroup;
			children = (
				6326500022810CFE0025E10C /* Blue-Pail.app */,
			);
			name = Products;
			sourceTree = "<group>";
		};
		6326500222810CFE0025E10C /* Blue-Pail */ = {
			isa = PBXGroup;
			children = (
				6326500322810CFE0025E10C /* AppDelegate.swift */,
				6326501A22810E140025E10C /* Resources */,
				6326501922810DE90025E10C /* HelperFiles */,
				6326501822810DCE0025E10C /* ViewControllers */,
				6326501722810DC90025E10C /* Views */,
				6326501622810DC10025E10C /* ModelControllers */,
				6326501522810DB90025E10C /* Models */,
				6326500F22810D050025E10C /* Info.plist */,
			);
			path = "Blue-Pail";
			sourceTree = "<group>";
		};
		6326501522810DB90025E10C /* Models */ = {
			isa = PBXGroup;
			children = (
				6326501B228117950025E10C /* CoreDataStack.swift */,
				6326501D228118240025E10C /* Blue-Pail.xcdatamodeld */,
				6326502022811CDA0025E10C /* Plant+Convenience.swift */,
				6326502222812F060025E10C /* Tag+Convenience.swift */,
			);
			path = Models;
			sourceTree = "<group>";
		};
		6326501622810DC10025E10C /* ModelControllers */ = {
			isa = PBXGroup;
			children = (
			);
			path = ModelControllers;
			sourceTree = "<group>";
		};
		6326501722810DC90025E10C /* Views */ = {
			isa = PBXGroup;
			children = (
				6326500722810CFE0025E10C /* Main.storyboard */,
			);
			path = Views;
			sourceTree = "<group>";
		};
		6326501822810DCE0025E10C /* ViewControllers */ = {
			isa = PBXGroup;
			children = (
				6326500522810CFE0025E10C /* ViewController.swift */,
			);
			path = ViewControllers;
			sourceTree = "<group>";
		};
		6326501922810DE90025E10C /* HelperFiles */ = {
			isa = PBXGroup;
			children = (
			);
			path = HelperFiles;
			sourceTree = "<group>";
		};
		6326501A22810E140025E10C /* Resources */ = {
			isa = PBXGroup;
			children = (
				6326500A22810D050025E10C /* Assets.xcassets */,
				6326500C22810D050025E10C /* LaunchScreen.storyboard */,
			);
			path = Resources;
			sourceTree = "<group>";
		};
/* End PBXGroup section */

/* Begin PBXNativeTarget section */
		63264FFF22810CFE0025E10C /* Blue-Pail */ = {
			isa = PBXNativeTarget;
			buildConfigurationList = 6326501222810D050025E10C /* Build configuration list for PBXNativeTarget "Blue-Pail" */;
			buildPhases = (
				63264FFC22810CFE0025E10C /* Sources */,
				63264FFD22810CFE0025E10C /* Frameworks */,
				63264FFE22810CFE0025E10C /* Resources */,
			);
			buildRules = (
			);
			dependencies = (
			);
			name = "Blue-Pail";
			productName = "Blue-Pail";
			productReference = 6326500022810CFE0025E10C /* Blue-Pail.app */;
			productType = "com.apple.product-type.application";
		};
/* End PBXNativeTarget section */

/* Begin PBXProject section */
		63264FF822810CFE0025E10C /* Project object */ = {
			isa = PBXProject;
			attributes = {
				LastSwiftUpdateCheck = 1020;
				LastUpgradeCheck = 1020;
				ORGANIZATIONNAME = "David Sadler";
				TargetAttributes = {
					63264FFF22810CFE0025E10C = {
						CreatedOnToolsVersion = 10.2;
					};
				};
			};
			buildConfigurationList = 63264FFB22810CFE0025E10C /* Build configuration list for PBXProject "Blue-Pail" */;
			compatibilityVersion = "Xcode 9.3";
			developmentRegion = en;
			hasScannedForEncodings = 0;
			knownRegions = (
				en,
				Base,
			);
			mainGroup = 63264FF722810CFE0025E10C;
			productRefGroup = 6326500122810CFE0025E10C /* Products */;
			projectDirPath = "";
			projectRoot = "";
			targets = (
				63264FFF22810CFE0025E10C /* Blue-Pail */,
			);
		};
/* End PBXProject section */

/* Begin PBXResourcesBuildPhase section */
		63264FFE22810CFE0025E10C /* Resources */ = {
			isa = PBXResourcesBuildPhase;
			buildActionMask = 2147483647;
			files = (
				6326500E22810D050025E10C /* LaunchScreen.storyboard in Resources */,
				6326500B22810D050025E10C /* Assets.xcassets in Resources */,
				6326500922810CFE0025E10C /* Main.storyboard in Resources */,
			);
			runOnlyForDeploymentPostprocessing = 0;
		};
/* End PBXResourcesBuildPhase section */

/* Begin PBXSourcesBuildPhase section */
		63264FFC22810CFE0025E10C /* Sources */ = {
			isa = PBXSourcesBuildPhase;
			buildActionMask = 2147483647;
			files = (
				6326502322812F060025E10C /* Tag+Convenience.swift in Sources */,
				6326502122811CDA0025E10C /* Plant+Convenience.swift in Sources */,
				6326501C228117950025E10C /* CoreDataStack.swift in Sources */,
				6326501F228118240025E10C /* Blue-Pail.xcdatamodeld in Sources */,
				6326500622810CFE0025E10C /* ViewController.swift in Sources */,
				6326500422810CFE0025E10C /* AppDelegate.swift in Sources */,
			);
			runOnlyForDeploymentPostprocessing = 0;
		};
/* End PBXSourcesBuildPhase section */

/* Begin PBXVariantGroup section */
		6326500722810CFE0025E10C /* Main.storyboard */ = {
			isa = PBXVariantGroup;
			children = (
				6326500822810CFE0025E10C /* Base */,
			);
			name = Main.storyboard;
			sourceTree = "<group>";
		};
		6326500C22810D050025E10C /* LaunchScreen.storyboard */ = {
			isa = PBXVariantGroup;
			children = (
				6326500D22810D050025E10C /* Base */,
			);
			name = LaunchScreen.storyboard;
			sourceTree = "<group>";
		};
/* End PBXVariantGroup section */

/* Begin XCBuildConfiguration section */
		6326501022810D050025E10C /* Debug */ = {
			isa = XCBuildConfiguration;
			buildSettings = {
				ALWAYS_SEARCH_USER_PATHS = NO;
				CLANG_ANALYZER_NONNULL = YES;
				CLANG_ANALYZER_NUMBER_OBJECT_CONVERSION = YES_AGGRESSIVE;
				CLANG_CXX_LANGUAGE_STANDARD = "gnu++14";
				CLANG_CXX_LIBRARY = "libc++";
				CLANG_ENABLE_MODULES = YES;
				CLANG_ENABLE_OBJC_ARC = YES;
				CLANG_ENABLE_OBJC_WEAK = YES;
				CLANG_WARN_BLOCK_CAPTURE_AUTORELEASING = YES;
				CLANG_WARN_BOOL_CONVERSION = YES;
				CLANG_WARN_COMMA = YES;
				CLANG_WARN_CONSTANT_CONVERSION = YES;
				CLANG_WARN_DEPRECATED_OBJC_IMPLEMENTATIONS = YES;
				CLANG_WARN_DIRECT_OBJC_ISA_USAGE = YES_ERROR;
				CLANG_WARN_DOCUMENTATION_COMMENTS = YES;
				CLANG_WARN_EMPTY_BODY = YES;
				CLANG_WARN_ENUM_CONVERSION = YES;
				CLANG_WARN_INFINITE_RECURSION = YES;
				CLANG_WARN_INT_CONVERSION = YES;
				CLANG_WARN_NON_LITERAL_NULL_CONVERSION = YES;
				CLANG_WARN_OBJC_IMPLICIT_RETAIN_SELF = YES;
				CLANG_WARN_OBJC_LITERAL_CONVERSION = YES;
				CLANG_WARN_OBJC_ROOT_CLASS = YES_ERROR;
				CLANG_WARN_RANGE_LOOP_ANALYSIS = YES;
				CLANG_WARN_STRICT_PROTOTYPES = YES;
				CLANG_WARN_SUSPICIOUS_MOVE = YES;
				CLANG_WARN_UNGUARDED_AVAILABILITY = YES_AGGRESSIVE;
				CLANG_WARN_UNREACHABLE_CODE = YES;
				CLANG_WARN__DUPLICATE_METHOD_MATCH = YES;
				CODE_SIGN_IDENTITY = "iPhone Developer";
				COPY_PHASE_STRIP = NO;
				DEBUG_INFORMATION_FORMAT = dwarf;
				ENABLE_STRICT_OBJC_MSGSEND = YES;
				ENABLE_TESTABILITY = YES;
				GCC_C_LANGUAGE_STANDARD = gnu11;
				GCC_DYNAMIC_NO_PIC = NO;
				GCC_NO_COMMON_BLOCKS = YES;
				GCC_OPTIMIZATION_LEVEL = 0;
				GCC_PREPROCESSOR_DEFINITIONS = (
					"DEBUG=1",
					"$(inherited)",
				);
				GCC_WARN_64_TO_32_BIT_CONVERSION = YES;
				GCC_WARN_ABOUT_RETURN_TYPE = YES_ERROR;
				GCC_WARN_UNDECLARED_SELECTOR = YES;
				GCC_WARN_UNINITIALIZED_AUTOS = YES_AGGRESSIVE;
				GCC_WARN_UNUSED_FUNCTION = YES;
				GCC_WARN_UNUSED_VARIABLE = YES;
				IPHONEOS_DEPLOYMENT_TARGET = 12.2;
				MTL_ENABLE_DEBUG_INFO = INCLUDE_SOURCE;
				MTL_FAST_MATH = YES;
				ONLY_ACTIVE_ARCH = YES;
				SDKROOT = iphoneos;
				SWIFT_ACTIVE_COMPILATION_CONDITIONS = DEBUG;
				SWIFT_OPTIMIZATION_LEVEL = "-Onone";
			};
			name = Debug;
		};
		6326501122810D050025E10C /* Release */ = {
			isa = XCBuildConfiguration;
			buildSettings = {
				ALWAYS_SEARCH_USER_PATHS = NO;
				CLANG_ANALYZER_NONNULL = YES;
				CLANG_ANALYZER_NUMBER_OBJECT_CONVERSION = YES_AGGRESSIVE;
				CLANG_CXX_LANGUAGE_STANDARD = "gnu++14";
				CLANG_CXX_LIBRARY = "libc++";
				CLANG_ENABLE_MODULES = YES;
				CLANG_ENABLE_OBJC_ARC = YES;
				CLANG_ENABLE_OBJC_WEAK = YES;
				CLANG_WARN_BLOCK_CAPTURE_AUTORELEASING = YES;
				CLANG_WARN_BOOL_CONVERSION = YES;
				CLANG_WARN_COMMA = YES;
				CLANG_WARN_CONSTANT_CONVERSION = YES;
				CLANG_WARN_DEPRECATED_OBJC_IMPLEMENTATIONS = YES;
				CLANG_WARN_DIRECT_OBJC_ISA_USAGE = YES_ERROR;
				CLANG_WARN_DOCUMENTATION_COMMENTS = YES;
				CLANG_WARN_EMPTY_BODY = YES;
				CLANG_WARN_ENUM_CONVERSION = YES;
				CLANG_WARN_INFINITE_RECURSION = YES;
				CLANG_WARN_INT_CONVERSION = YES;
				CLANG_WARN_NON_LITERAL_NULL_CONVERSION = YES;
				CLANG_WARN_OBJC_IMPLICIT_RETAIN_SELF = YES;
				CLANG_WARN_OBJC_LITERAL_CONVERSION = YES;
				CLANG_WARN_OBJC_ROOT_CLASS = YES_ERROR;
				CLANG_WARN_RANGE_LOOP_ANALYSIS = YES;
				CLANG_WARN_STRICT_PROTOTYPES = YES;
				CLANG_WARN_SUSPICIOUS_MOVE = YES;
				CLANG_WARN_UNGUARDED_AVAILABILITY = YES_AGGRESSIVE;
				CLANG_WARN_UNREACHABLE_CODE = YES;
				CLANG_WARN__DUPLICATE_METHOD_MATCH = YES;
				CODE_SIGN_IDENTITY = "iPhone Developer";
				COPY_PHASE_STRIP = NO;
				DEBUG_INFORMATION_FORMAT = "dwarf-with-dsym";
				ENABLE_NS_ASSERTIONS = NO;
				ENABLE_STRICT_OBJC_MSGSEND = YES;
				GCC_C_LANGUAGE_STANDARD = gnu11;
				GCC_NO_COMMON_BLOCKS = YES;
				GCC_WARN_64_TO_32_BIT_CONVERSION = YES;
				GCC_WARN_ABOUT_RETURN_TYPE = YES_ERROR;
				GCC_WARN_UNDECLARED_SELECTOR = YES;
				GCC_WARN_UNINITIALIZED_AUTOS = YES_AGGRESSIVE;
				GCC_WARN_UNUSED_FUNCTION = YES;
				GCC_WARN_UNUSED_VARIABLE = YES;
				IPHONEOS_DEPLOYMENT_TARGET = 12.2;
				MTL_ENABLE_DEBUG_INFO = NO;
				MTL_FAST_MATH = YES;
				SDKROOT = iphoneos;
				SWIFT_COMPILATION_MODE = wholemodule;
				SWIFT_OPTIMIZATION_LEVEL = "-O";
				VALIDATE_PRODUCT = YES;
			};
			name = Release;
		};
		6326501322810D050025E10C /* Debug */ = {
			isa = XCBuildConfiguration;
			buildSettings = {
				ASSETCATALOG_COMPILER_APPICON_NAME = AppIcon;
				CODE_SIGN_STYLE = Automatic;
				DEVELOPMENT_TEAM = T45AFREN35;
				INFOPLIST_FILE = "Blue-Pail/Info.plist";
				LD_RUNPATH_SEARCH_PATHS = (
					"$(inherited)",
					"@executable_path/Frameworks",
				);
				PRODUCT_BUNDLE_IDENTIFIER = "David-Sadler.Blue-Pail";
				PRODUCT_NAME = "$(TARGET_NAME)";
				SWIFT_VERSION = 5.0;
				TARGETED_DEVICE_FAMILY = "1,2";
			};
			name = Debug;
		};
		6326501422810D050025E10C /* Release */ = {
			isa = XCBuildConfiguration;
			buildSettings = {
				ASSETCATALOG_COMPILER_APPICON_NAME = AppIcon;
				CODE_SIGN_STYLE = Automatic;
				DEVELOPMENT_TEAM = T45AFREN35;
				INFOPLIST_FILE = "Blue-Pail/Info.plist";
				LD_RUNPATH_SEARCH_PATHS = (
					"$(inherited)",
					"@executable_path/Frameworks",
				);
				PRODUCT_BUNDLE_IDENTIFIER = "David-Sadler.Blue-Pail";
				PRODUCT_NAME = "$(TARGET_NAME)";
				SWIFT_VERSION = 5.0;
				TARGETED_DEVICE_FAMILY = "1,2";
			};
			name = Release;
		};
/* End XCBuildConfiguration section */

/* Begin XCConfigurationList section */
		63264FFB22810CFE0025E10C /* Build configuration list for PBXProject "Blue-Pail" */ = {
			isa = XCConfigurationList;
			buildConfigurations = (
				6326501022810D050025E10C /* Debug */,
				6326501122810D050025E10C /* Release */,
			);
			defaultConfigurationIsVisible = 0;
			defaultConfigurationName = Release;
		};
		6326501222810D050025E10C /* Build configuration list for PBXNativeTarget "Blue-Pail" */ = {
			isa = XCConfigurationList;
			buildConfigurations = (
				6326501322810D050025E10C /* Debug */,
				6326501422810D050025E10C /* Release */,
			);
			defaultConfigurationIsVisible = 0;
			defaultConfigurationName = Release;
		};
/* End XCConfigurationList section */

/* Begin XCVersionGroup section */
		6326501D228118240025E10C /* Blue-Pail.xcdatamodeld */ = {
			isa = XCVersionGroup;
			children = (
				6326501E228118240025E10C /* Blue-Pail.xcdatamodel */,
			);
			currentVersion = 6326501E228118240025E10C /* Blue-Pail.xcdatamodel */;
			path = "Blue-Pail.xcdatamodeld";
			sourceTree = "<group>";
			versionGroupType = wrapper.xcdatamodel;
		};
/* End XCVersionGroup section */
	};
	rootObject = 63264FF822810CFE0025E10C /* Project object */;
}
